// !$*UTF8*$!
{
	archiveVersion = 1;
	classes = {
	};
	objectVersion = 77;
	objects = {

/* Begin PBXBuildFile section */
		C0E126A82F912FA6006DF49A /* ProgressHUD in Frameworks */ = {isa = PBXBuildFile; productRef = C0E126A72F912FA6006DF49A /* ProgressHUD */; };
		C0E126AA2F94F43D006DF49A /* TabBarController.swift in Sources */ = {isa = PBXBuildFile; fileRef = C0E126A92F94F42B006DF49A /* TabBarController.swift */; };
		C0E126AC2F9600C3006DF49A /* UIBlockingProgressHUD.swift in Sources */ = {isa = PBXBuildFile; fileRef = C0E126AB2F96009A006DF49A /* UIBlockingProgressHUD.swift */; };
		C0E126AE2F962A35006DF49A /* ProfileService.swift in Sources */ = {isa = PBXBuildFile; fileRef = C0E126AD2F962A1E006DF49A /* ProfileService.swift */; };
		C0E126B02F972329006DF49A /* ProfileImageService.swift in Sources */ = {isa = PBXBuildFile; fileRef = C0E126AF2F972326006DF49A /* ProfileImageService.swift */; };
		C0E126B72F992648006DF49A /* Kingfisher in Frameworks */ = {isa = PBXBuildFile; productRef = C0E126B62F992648006DF49A /* Kingfisher */; };
		C0E126BA2F9933E2006DF49A /* SwiftKeychainWrapper in Frameworks */ = {isa = PBXBuildFile; productRef = C0E126B92F9933E2006DF49A /* SwiftKeychainWrapper */; };
		C0E126BD2F9946C2006DF49A /* WebKit.framework in Frameworks */ = {isa = PBXBuildFile; fileRef = C0E126BC2F9946C2006DF49A /* WebKit.framework */; };
		C0E127152FA2485D006DF49A /* ImagesListService.swift in Sources */ = {isa = PBXBuildFile; fileRef = C0E127142FA2485B006DF49A /* ImagesListService.swift */; };
/* End PBXBuildFile section */

/* Begin PBXContainerItemProxy section */
		C06D8F732F2F856E00C78F45 /* PBXContainerItemProxy */ = {
			isa = PBXContainerItemProxy;
			containerPortal = C06D8F542F2F856D00C78F45 /* Project object */;
			proxyType = 1;
			remoteGlobalIDString = C06D8F5B2F2F856D00C78F45;
			remoteInfo = ImageFeed;
		};
		C06D8F7D2F2F856E00C78F45 /* PBXContainerItemProxy */ = {
			isa = PBXContainerItemProxy;
			containerPortal = C06D8F542F2F856D00C78F45 /* Project object */;
			proxyType = 1;
			remoteGlobalIDString = C06D8F5B2F2F856D00C78F45;
			remoteInfo = ImageFeed;
		};
/* End PBXContainerItemProxy section */

/* Begin PBXFileReference section */
		C06D8F5C2F2F856D00C78F45 /* ImageFeed.app */ = {isa = PBXFileReference; explicitFileType = wrapper.application; includeInIndex = 0; path = ImageFeed.app; sourceTree = BUILT_PRODUCTS_DIR; };
		C06D8F722F2F856E00C78F45 /* ImageFeedTests.xctest */ = {isa = PBXFileReference; explicitFileType = wrapper.cfbundle; includeInIndex = 0; path = ImageFeedTests.xctest; sourceTree = BUILT_PRODUCTS_DIR; };
		C06D8F7C2F2F856E00C78F45 /* ImageFeedUITests.xctest */ = {isa = PBXFileReference; explicitFileType = wrapper.cfbundle; includeInIndex = 0; path = ImageFeedUITests.xctest; sourceTree = BUILT_PRODUCTS_DIR; };
		C0E126A92F94F42B006DF49A /* TabBarController.swift */ = {isa = PBXFileReference; lastKnownFileType = sourcecode.swift; path = TabBarController.swift; sourceTree = "<group>"; };
		C0E126AB2F96009A006DF49A /* UIBlockingProgressHUD.swift */ = {isa = PBXFileReference; lastKnownFileType = sourcecode.swift; path = UIBlockingProgressHUD.swift; sourceTree = "<group>"; };
		C0E126AD2F962A1E006DF49A /* ProfileService.swift */ = {isa = PBXFileReference; lastKnownFileType = sourcecode.swift; path = ProfileService.swift; sourceTree = "<group>"; };
		C0E126AF2F972326006DF49A /* ProfileImageService.swift */ = {isa = PBXFileReference; lastKnownFileType = sourcecode.swift; path = ProfileImageService.swift; sourceTree = "<group>"; };
		C0E126BC2F9946C2006DF49A /* WebKit.framework */ = {isa = PBXFileReference; lastKnownFileType = wrapper.framework; name = WebKit.framework; path = System/Library/Frameworks/WebKit.framework; sourceTree = SDKROOT; };
		C0E127142FA2485B006DF49A /* ImagesListService.swift */ = {isa = PBXFileReference; lastKnownFileType = sourcecode.swift; path = ImagesListService.swift; sourceTree = "<group>"; };
/* End PBXFileReference section */

/* Begin PBXFileSystemSynchronizedBuildFileExceptionSet section */
		C06D8F842F2F856E00C78F45 /* Exceptions for "ImageFeed" folder in "ImageFeed" target */ = {
			isa = PBXFileSystemSynchronizedBuildFileExceptionSet;
			membershipExceptions = (
				Info.plist,
			);
			target = C06D8F5B2F2F856D00C78F45 /* ImageFeed */;
		};
/* End PBXFileSystemSynchronizedBuildFileExceptionSet section */

/* Begin PBXFileSystemSynchronizedRootGroup section */
		C06D8F5E2F2F856D00C78F45 /* ImageFeed */ = {
			isa = PBXFileSystemSynchronizedRootGroup;
			exceptions = (
				C06D8F842F2F856E00C78F45 /* Exceptions for "ImageFeed" folder in "ImageFeed" target */,
			);
			path = ImageFeed;
			sourceTree = "<group>";
		};
		C06D8F752F2F856E00C78F45 /* ImageFeedTests */ = {
			isa = PBXFileSystemSynchronizedRootGroup;
			path = ImageFeedTests;
			sourceTree = "<group>";
		};
		C06D8F7F2F2F856E00C78F45 /* ImageFeedUITests */ = {
			isa = PBXFileSystemSynchronizedRootGroup;
			path = ImageFeedUITests;
			sourceTree = "<group>";
		};
		C06D8FF22F3B6DFD00C78F45 /* ImagesList */ = {
			isa = PBXFileSystemSynchronizedRootGroup;
			path = ImagesList;
			sourceTree = "<group>";
		};
		C0E125D32F880213006DF49A /* ServiceAccessLayer */ = {
			isa = PBXFileSystemSynchronizedRootGroup;
			path = ServiceAccessLayer;
			sourceTree = "<group>";
		};
		C0FCD3582F48C48400E1C9AC /* Profile */ = {
			isa = PBXFileSystemSynchronizedRootGroup;
			path = Profile;
			sourceTree = "<group>";
		};
		C0FCD35C2F49F71F00E1C9AC /* SingleImage */ = {
			isa = PBXFileSystemSynchronizedRootGroup;
			path = SingleImage;
			sourceTree = "<group>";
		};
		C0FCD3832F5C208C00E1C9AC /* Auth */ = {
			isa = PBXFileSystemSynchronizedRootGroup;
			path = Auth;
			sourceTree = "<group>";
		};
		C0FCD3942F703DA200E1C9AC /* SplashViewController */ = {
			isa = PBXFileSystemSynchronizedRootGroup;
			path = SplashViewController;
			sourceTree = "<group>";
		};
/* End PBXFileSystemSynchronizedRootGroup section */

/* Begin PBXFrameworksBuildPhase section */
		C06D8F592F2F856D00C78F45 /* Frameworks */ = {
			isa = PBXFrameworksBuildPhase;
			buildActionMask = 2147483647;
			files = (
				C0E126BD2F9946C2006DF49A /* WebKit.framework in Frameworks */,
				C0E126B72F992648006DF49A /* Kingfisher in Frameworks */,
				C0E126A82F912FA6006DF49A /* ProgressHUD in Frameworks */,
				C0E126BA2F9933E2006DF49A /* SwiftKeychainWrapper in Frameworks */,
			);
			runOnlyForDeploymentPostprocessing = 0;
		};
		C06D8F6F2F2F856E00C78F45 /* Frameworks */ = {
			isa = PBXFrameworksBuildPhase;
			buildActionMask = 2147483647;
			files = (
			);
			runOnlyForDeploymentPostprocessing = 0;
		};
		C06D8F792F2F856E00C78F45 /* Frameworks */ = {
			isa = PBXFrameworksBuildPhase;
			buildActionMask = 2147483647;
			files = (
			);
			runOnlyForDeploymentPostprocessing = 0;
		};
/* End PBXFrameworksBuildPhase section */

/* Begin PBXGroup section */
		C06D8F532F2F856D00C78F45 = {
			isa = PBXGroup;
			children = (
				C0E127142FA2485B006DF49A /* ImagesListService.swift */,
				C0E126AF2F972326006DF49A /* ProfileImageService.swift */,
				C0E126AD2F962A1E006DF49A /* ProfileService.swift */,
				C0E126AB2F96009A006DF49A /* UIBlockingProgressHUD.swift */,
				C0E126A92F94F42B006DF49A /* TabBarController.swift */,
				C0E125D32F880213006DF49A /* ServiceAccessLayer */,
				C0FCD3942F703DA200E1C9AC /* SplashViewController */,
				C0FCD3832F5C208C00E1C9AC /* Auth */,
				C0FCD35C2F49F71F00E1C9AC /* SingleImage */,
				C0FCD3582F48C48400E1C9AC /* Profile */,
				C06D8FF22F3B6DFD00C78F45 /* ImagesList */,
				C06D8F5E2F2F856D00C78F45 /* ImageFeed */,
				C06D8F752F2F856E00C78F45 /* ImageFeedTests */,
				C06D8F7F2F2F856E00C78F45 /* ImageFeedUITests */,
				C0E126BB2F9946C2006DF49A /* Frameworks */,
				C06D8F5D2F2F856D00C78F45 /* Products */,
			);
			sourceTree = "<group>";
		};
		C06D8F5D2F2F856D00C78F45 /* Products */ = {
			isa = PBXGroup;
			children = (
				C06D8F5C2F2F856D00C78F45 /* ImageFeed.app */,
				C06D8F722F2F856E00C78F45 /* ImageFeedTests.xctest */,
				C06D8F7C2F2F856E00C78F45 /* ImageFeedUITests.xctest */,
			);
			name = Products;
			sourceTree = "<group>";
		};
		C0E126BB2F9946C2006DF49A /* Frameworks */ = {
			isa = PBXGroup;
			children = (
				C0E126BC2F9946C2006DF49A /* WebKit.framework */,
			);
			name = Frameworks;
			sourceTree = "<group>";
		};
/* End PBXGroup section */

/* Begin PBXNativeTarget section */
		C06D8F5B2F2F856D00C78F45 /* ImageFeed */ = {
			isa = PBXNativeTarget;
			buildConfigurationList = C06D8F852F2F856E00C78F45 /* Build configuration list for PBXNativeTarget "ImageFeed" */;
			buildPhases = (
				C06D8F582F2F856D00C78F45 /* Sources */,
				C06D8F592F2F856D00C78F45 /* Frameworks */,
				C06D8F5A2F2F856D00C78F45 /* Resources */,
			);
			buildRules = (
			);
			dependencies = (
			);
			fileSystemSynchronizedGroups = (
				C06D8F5E2F2F856D00C78F45 /* ImageFeed */,
				C06D8FF22F3B6DFD00C78F45 /* ImagesList */,
				C0E125D32F880213006DF49A /* ServiceAccessLayer */,
				C0FCD3582F48C48400E1C9AC /* Profile */,
				C0FCD35C2F49F71F00E1C9AC /* SingleImage */,
				C0FCD3832F5C208C00E1C9AC /* Auth */,
				C0FCD3942F703DA200E1C9AC /* SplashViewController */,
			);
			name = ImageFeed;
			packageProductDependencies = (
				C0E126A72F912FA6006DF49A /* ProgressHUD */,
				C0E126B62F992648006DF49A /* Kingfisher */,
				C0E126B92F9933E2006DF49A /* SwiftKeychainWrapper */,
			);
			productName = ImageFeed;
			productReference = C06D8F5C2F2F856D00C78F45 /* ImageFeed.app */;
			productType = "com.apple.product-type.application";
		};
		C06D8F712F2F856E00C78F45 /* ImageFeedTests */ = {
			isa = PBXNativeTarget;
			buildConfigurationList = C06D8F8A2F2F856E00C78F45 /* Build configuration list for PBXNativeTarget "ImageFeedTests" */;
			buildPhases = (
				C06D8F6E2F2F856E00C78F45 /* Sources */,
				C06D8F6F2F2F856E00C78F45 /* Frameworks */,
				C06D8F702F2F856E00C78F45 /* Resources */,
			);
			buildRules = (
			);
			dependencies = (
				C06D8F742F2F856E00C78F45 /* PBXTargetDependency */,
			);
			fileSystemSynchronizedGroups = (
				C06D8F752F2F856E00C78F45 /* ImageFeedTests */,
			);
			name = ImageFeedTests;
			packageProductDependencies = (
			);
			productName = ImageFeedTests;
			productReference = C06D8F722F2F856E00C78F45 /* ImageFeedTests.xctest */;
			productType = "com.apple.product-type.bundle.unit-test";
		};
		C06D8F7B2F2F856E00C78F45 /* ImageFeedUITests */ = {
			isa = PBXNativeTarget;
			buildConfigurationList = C06D8F8D2F2F856E00C78F45 /* Build configuration list for PBXNativeTarget "ImageFeedUITests" */;
			buildPhases = (
				C06D8F782F2F856E00C78F45 /* Sources */,
				C06D8F792F2F856E00C78F45 /* Frameworks */,
				C06D8F7A2F2F856E00C78F45 /* Resources */,
			);
			buildRules = (
			);
			dependencies = (
				C06D8F7E2F2F856E00C78F45 /* PBXTargetDependency */,
			);
			fileSystemSynchronizedGroups = (
				C06D8F7F2F2F856E00C78F45 /* ImageFeedUITests */,
			);
			name = ImageFeedUITests;
			packageProductDependencies = (
			);
			productName = ImageFeedUITests;
			productReference = C06D8F7C2F2F856E00C78F45 /* ImageFeedUITests.xctest */;
			productType = "com.apple.product-type.bundle.ui-testing";
		};
/* End PBXNativeTarget section */

/* Begin PBXProject section */
		C06D8F542F2F856D00C78F45 /* Project object */ = {
			isa = PBXProject;
			attributes = {
				BuildIndependentTargetsInParallel = 1;
				LastSwiftUpdateCheck = 1640;
				LastUpgradeCheck = 1640;
				TargetAttributes = {
					C06D8F5B2F2F856D00C78F45 = {
						CreatedOnToolsVersion = 16.4;
					};
					C06D8F712F2F856E00C78F45 = {
						CreatedOnToolsVersion = 16.4;
						TestTargetID = C06D8F5B2F2F856D00C78F45;
					};
					C06D8F7B2F2F856E00C78F45 = {
						CreatedOnToolsVersion = 16.4;
						TestTargetID = C06D8F5B2F2F856D00C78F45;
					};
				};
			};
			buildConfigurationList = C06D8F572F2F856D00C78F45 /* Build configuration list for PBXProject "ImageFeed" */;
			developmentRegion = en;
			hasScannedForEncodings = 0;
			knownRegions = (
				en,
				Base,
			);
			mainGroup = C06D8F532F2F856D00C78F45;
			minimizedProjectReferenceProxies = 1;
			packageReferences = (
				C0E126A62F912FA6006DF49A /* XCRemoteSwiftPackageReference "ProgressHUD" */,
				C0E126B12F989458006DF49A /* XCRemoteSwiftPackageReference "Kingfisher" */,
				C0E126B82F9933E2006DF49A /* XCRemoteSwiftPackageReference "SwiftKeychainWrapper" */,
			);
			preferredProjectObjectVersion = 77;
			productRefGroup = C06D8F5D2F2F856D00C78F45 /* Products */;
			projectDirPath = "";
			projectRoot = "";
			targets = (
				C06D8F5B2F2F856D00C78F45 /* ImageFeed */,
				C06D8F712F2F856E00C78F45 /* ImageFeedTests */,
				C06D8F7B2F2F856E00C78F45 /* ImageFeedUITests */,
			);
		};
/* End PBXProject section */

/* Begin PBXResourcesBuildPhase section */
		C06D8F5A2F2F856D00C78F45 /* Resources */ = {
			isa = PBXResourcesBuildPhase;
			buildActionMask = 2147483647;
			files = (
			);
			runOnlyForDeploymentPostprocessing = 0;
		};
		C06D8F702F2F856E00C78F45 /* Resources */ = {
			isa = PBXResourcesBuildPhase;
			buildActionMask = 2147483647;
			files = (
			);
			runOnlyForDeploymentPostprocessing = 0;
		};
		C06D8F7A2F2F856E00C78F45 /* Resources */ = {
			isa = PBXResourcesBuildPhase;
			buildActionMask = 2147483647;
			files = (
			);
			runOnlyForDeploymentPostprocessing = 0;
		};
/* End PBXResourcesBuildPhase section */

/* Begin PBXSourcesBuildPhase section */
		C06D8F582F2F856D00C78F45 /* Sources */ = {
			isa = PBXSourcesBuildPhase;
			buildActionMask = 2147483647;
			files = (
				C0E126AE2F962A35006DF49A /* ProfileService.swift in Sources */,
				C0E126B02F972329006DF49A /* ProfileImageService.swift in Sources */,
				C0E126AC2F9600C3006DF49A /* UIBlockingProgressHUD.swift in Sources */,
				C0E127152FA2485D006DF49A /* ImagesListService.swift in Sources */,
				C0E126AA2F94F43D006DF49A /* TabBarController.swift in Sources */,
			);
			runOnlyForDeploymentPostprocessing = 0;
		};
		C06D8F6E2F2F856E00C78F45 /* Sources */ = {
			isa = PBXSourcesBuildPhase;
			buildActionMask = 2147483647;
			files = (
			);
			runOnlyForDeploymentPostprocessing = 0;
		};
		C06D8F782F2F856E00C78F45 /* Sources */ = {
			isa = PBXSourcesBuildPhase;
			buildActionMask = 2147483647;
			files = (
			);
			runOnlyForDeploymentPostprocessing = 0;
		};
/* End PBXSourcesBuildPhase section */

/* Begin PBXTargetDependency section */
		C06D8F742F2F856E00C78F45 /* PBXTargetDependency */ = {
			isa = PBXTargetDependency;
			target = C06D8F5B2F2F856D00C78F45 /* ImageFeed */;
			targetProxy = C06D8F732F2F856E00C78F45 /* PBXContainerItemProxy */;
		};
		C06D8F7E2F2F856E00C78F45 /* PBXTargetDependency */ = {
			isa = PBXTargetDependency;
			target = C06D8F5B2F2F856D00C78F45 /* ImageFeed */;
			targetProxy = C06D8F7D2F2F856E00C78F45 /* PBXContainerItemProxy */;
		};
/* End PBXTargetDependency section */

/* Begin XCBuildConfiguration section */
		C06D8F862F2F856E00C78F45 /* Debug */ = {
			isa = XCBuildConfiguration;
			buildSettings = {
				ASSETCATALOG_COMPILER_APPICON_NAME = AppIcon;
				ASSETCATALOG_COMPILER_GLOBAL_ACCENT_COLOR_NAME = AccentColor;
				CODE_SIGN_STYLE = Automatic;
				CURRENT_PROJECT_VERSION = 1;
				GENERATE_INFOPLIST_FILE = YES;
				INFOPLIST_FILE = ImageFeed/Info.plist;
				INFOPLIST_KEY_UIApplicationSupportsIndirectInputEvents = YES;
				INFOPLIST_KEY_UILaunchStoryboardName = LaunchScreen;
				INFOPLIST_KEY_UIMainStoryboardFile = Main;
				INFOPLIST_KEY_UISupportedInterfaceOrientations = UIInterfaceOrientationPortrait;
				INFOPLIST_KEY_UISupportedInterfaceOrientations_iPad = "UIInterfaceOrientationLandscapeLeft UIInterfaceOrientationLandscapeRight UIInterfaceOrientationPortrait UIInterfaceOrientationPortraitUpsideDown";
				IPHONEOS_DEPLOYMENT_TARGET = 17;
				LD_RUNPATH_SEARCH_PATHS = (
					"$(inherited)",
					"@executable_path/Frameworks",
				);
				MARKETING_VERSION = 1.0;
				PRODUCT_BUNDLE_IDENTIFIER = ru.narine1511.ImageFeed;
				PRODUCT_NAME = "$(TARGET_NAME)";
				SUPPORTED_PLATFORMS = "iphoneos iphonesimulator";
				SUPPORTS_MACCATALYST = NO;
				SWIFT_EMIT_LOC_STRINGS = YES;
				SWIFT_VERSION = 5.0;
				TARGETED_DEVICE_FAMILY = 1;
			};
			name = Debug;
		};
		C06D8F872F2F856E00C78F45 /* Release */ = {
			isa = XCBuildConfiguration;
			buildSettings = {
				ASSETCATALOG_COMPILER_APPICON_NAME = AppIcon;
				ASSETCATALOG_COMPILER_GLOBAL_ACCENT_COLOR_NAME = AccentColor;
				CODE_SIGN_STYLE = Automatic;
				CURRENT_PROJECT_VERSION = 1;
				GENERATE_INFOPLIST_FILE = YES;
				INFOPLIST_FILE = ImageFeed/Info.plist;
				INFOPLIST_KEY_UIApplicationSupportsIndirectInputEvents = YES;
				INFOPLIST_KEY_UILaunchStoryboardName = LaunchScreen;
				INFOPLIST_KEY_UIMainStoryboardFile = Main;
				INFOPLIST_KEY_UISupportedInterfaceOrientations = UIInterfaceOrientationPortrait;
				INFOPLIST_KEY_UISupportedInterfaceOrientations_iPad = "UIInterfaceOrientationLandscapeLeft UIInterfaceOrientationLandscapeRight UIInterfaceOrientationPortrait UIInterfaceOrientationPortraitUpsideDown";
				IPHONEOS_DEPLOYMENT_TARGET = 17;
				LD_RUNPATH_SEARCH_PATHS = (
					"$(inherited)",
					"@executable_path/Frameworks",
				);
				MARKETING_VERSION = 1.0;
				PRODUCT_BUNDLE_IDENTIFIER = ru.narine1511.ImageFeed;
				PRODUCT_NAME = "$(TARGET_NAME)";
				SUPPORTED_PLATFORMS = "iphoneos iphonesimulator";
				SUPPORTS_MACCATALYST = NO;
				SWIFT_EMIT_LOC_STRINGS = YES;
				SWIFT_VERSION = 5.0;
				TARGETED_DEVICE_FAMILY = 1;
			};
			name = Release;
		};
		C06D8F882F2F856E00C78F45 /* Debug */ = {
			isa = XCBuildConfiguration;
			buildSettings = {
				ALWAYS_SEARCH_USER_PATHS = NO;
				ASSETCATALOG_COMPILER_GENERATE_SWIFT_ASSET_SYMBOL_EXTENSIONS = YES;
				CLANG_ANALYZER_NONNULL = YES;
				CLANG_ANALYZER_NUMBER_OBJECT_CONVERSION = YES_AGGRESSIVE;
				CLANG_CXX_LANGUAGE_STANDARD = "gnu++20";
				CLANG_ENABLE_MODULES = YES;
				CLANG_ENABLE_OBJC_ARC = YES;
				CLANG_ENABLE_OBJC_WEAK = YES;
				CLANG_WARN_BLOCK_CAPTURE_AUTORELEASING = YES;
				CLANG_WARN_BOOL_CONVERSION = YES;
				CLANG_WARN_COMMA = YES;
				CLANG_WARN_CONSTANT_CONVERSION = YES;
				CLANG_WARN_DEPRECATED_OBJC_IMPLEMENTATIONS = YES;
				CLANG_WARN_DIRECT_OBJC_ISA_USAGE = YES_ERROR;
				CLANG_WARN_DOCUMENTATION_COMMENTS = YES;
				CLANG_WARN_EMPTY_BODY = YES;
				CLANG_WARN_ENUM_CONVERSION = YES;
				CLANG_WARN_INFINITE_RECURSION = YES;
				CLANG_WARN_INT_CONVERSION = YES;
				CLANG_WARN_NON_LITERAL_NULL_CONVERSION = YES;
				CLANG_WARN_OBJC_IMPLICIT_RETAIN_SELF = YES;
				CLANG_WARN_OBJC_LITERAL_CONVERSION = YES;
				CLANG_WARN_OBJC_ROOT_CLASS = YES_ERROR;
				CLANG_WARN_QUOTED_INCLUDE_IN_FRAMEWORK_HEADER = YES;
				CLANG_WARN_RANGE_LOOP_ANALYSIS = YES;
				CLANG_WARN_STRICT_PROTOTYPES = YES;
				CLANG_WARN_SUSPICIOUS_MOVE = YES;
				CLANG_WARN_UNGUARDED_AVAILABILITY = YES_AGGRESSIVE;
				CLANG_WARN_UNREACHABLE_CODE = YES;
				CLANG_WARN__DUPLICATE_METHOD_MATCH = YES;
				COPY_PHASE_STRIP = NO;
				DEBUG_INFORMATION_FORMAT = dwarf;
				ENABLE_STRICT_OBJC_MSGSEND = YES;
				ENABLE_TESTABILITY = YES;
				ENABLE_USER_SCRIPT_SANDBOXING = YES;
				GCC_C_LANGUAGE_STANDARD = gnu17;
				GCC_DYNAMIC_NO_PIC = NO;
				GCC_NO_COMMON_BLOCKS = YES;
				GCC_OPTIMIZATION_LEVEL = 0;
				GCC_PREPROCESSOR_DEFINITIONS = (
					"DEBUG=1",
					"$(inherited)",
				);
				GCC_WARN_64_TO_32_BIT_CONVERSION = YES;
				GCC_WARN_ABOUT_RETURN_TYPE = YES_ERROR;
				GCC_WARN_UNDECLARED_SELECTOR = YES;
				GCC_WARN_UNINITIALIZED_AUTOS = YES_AGGRESSIVE;
				GCC_WARN_UNUSED_FUNCTION = YES;
				GCC_WARN_UNUSED_VARIABLE = YES;
				IPHONEOS_DEPLOYMENT_TARGET = 18.5;
				LOCALIZATION_PREFERS_STRING_CATALOGS = YES;
				MTL_ENABLE_DEBUG_INFO = INCLUDE_SOURCE;
				MTL_FAST_MATH = YES;
				ONLY_ACTIVE_ARCH = YES;
				SDKROOT = iphoneos;
				SWIFT_ACTIVE_COMPILATION_CONDITIONS = "DEBUG $(inherited)";
				SWIFT_OPTIMIZATION_LEVEL = "-Onone";
			};
			name = Debug;
		};
		C06D8F892F2F856E00C78F45 /* Release */ = {
			isa = XCBuildConfiguration;
			buildSettings = {
				ALWAYS_SEARCH_USER_PATHS = NO;
				ASSETCATALOG_COMPILER_GENERATE_SWIFT_ASSET_SYMBOL_EXTENSIONS = YES;
				CLANG_ANALYZER_NONNULL = YES;
				CLANG_ANALYZER_NUMBER_OBJECT_CONVERSION = YES_AGGRESSIVE;
				CLANG_CXX_LANGUAGE_STANDARD = "gnu++20";
				CLANG_ENABLE_MODULES = YES;
				CLANG_ENABLE_OBJC_ARC = YES;
				CLANG_ENABLE_OBJC_WEAK = YES;
				CLANG_WARN_BLOCK_CAPTURE_AUTORELEASING = YES;
				CLANG_WARN_BOOL_CONVERSION = YES;
				CLANG_WARN_COMMA = YES;
				CLANG_WARN_CONSTANT_CONVERSION = YES;
				CLANG_WARN_DEPRECATED_OBJC_IMPLEMENTATIONS = YES;
				CLANG_WARN_DIRECT_OBJC_ISA_USAGE = YES_ERROR;
				CLANG_WARN_DOCUMENTATION_COMMENTS = YES;
				CLANG_WARN_EMPTY_BODY = YES;
				CLANG_WARN_ENUM_CONVERSION = YES;
				CLANG_WARN_INFINITE_RECURSION = YES;
				CLANG_WARN_INT_CONVERSION = YES;
				CLANG_WARN_NON_LITERAL_NULL_CONVERSION = YES;
				CLANG_WARN_OBJC_IMPLICIT_RETAIN_SELF = YES;
				CLANG_WARN_OBJC_LITERAL_CONVERSION = YES;
				CLANG_WARN_OBJC_ROOT_CLASS = YES_ERROR;
				CLANG_WARN_QUOTED_INCLUDE_IN_FRAMEWORK_HEADER = YES;
				CLANG_WARN_RANGE_LOOP_ANALYSIS = YES;
				CLANG_WARN_STRICT_PROTOTYPES = YES;
				CLANG_WARN_SUSPICIOUS_MOVE = YES;
				CLANG_WARN_UNGUARDED_AVAILABILITY = YES_AGGRESSIVE;
				CLANG_WARN_UNREACHABLE_CODE = YES;
				CLANG_WARN__DUPLICATE_METHOD_MATCH = YES;
				COPY_PHASE_STRIP = NO;
				DEBUG_INFORMATION_FORMAT = "dwarf-with-dsym";
				ENABLE_NS_ASSERTIONS = NO;
				ENABLE_STRICT_OBJC_MSGSEND = YES;
				ENABLE_USER_SCRIPT_SANDBOXING = YES;
				GCC_C_LANGUAGE_STANDARD = gnu17;
				GCC_NO_COMMON_BLOCKS = YES;
				GCC_WARN_64_TO_32_BIT_CONVERSION = YES;
				GCC_WARN_ABOUT_RETURN_TYPE = YES_ERROR;
				GCC_WARN_UNDECLARED_SELECTOR = YES;
				GCC_WARN_UNINITIALIZED_AUTOS = YES_AGGRESSIVE;
				GCC_WARN_UNUSED_FUNCTION = YES;
				GCC_WARN_UNUSED_VARIABLE = YES;
				IPHONEOS_DEPLOYMENT_TARGET = 18.5;
				LOCALIZATION_PREFERS_STRING_CATALOGS = YES;
				MTL_ENABLE_DEBUG_INFO = NO;
				MTL_FAST_MATH = YES;
				SDKROOT = iphoneos;
				SWIFT_COMPILATION_MODE = wholemodule;
				VALIDATE_PRODUCT = YES;
			};
			name = Release;
		};
		C06D8F8B2F2F856E00C78F45 /* Debug */ = {
			isa = XCBuildConfiguration;
			buildSettings = {
				BUNDLE_LOADER = "$(TEST_HOST)";
				CODE_SIGN_STYLE = Automatic;
				CURRENT_PROJECT_VERSION = 1;
				GENERATE_INFOPLIST_FILE = YES;
				IPHONEOS_DEPLOYMENT_TARGET = 18.5;
				MARKETING_VERSION = 1.0;
				PRODUCT_BUNDLE_IDENTIFIER = ru.narine1511.ImageFeedTests;
				PRODUCT_NAME = "$(TARGET_NAME)";
				SWIFT_EMIT_LOC_STRINGS = NO;
				SWIFT_VERSION = 5.0;
				TARGETED_DEVICE_FAMILY = "1,2";
				TEST_HOST = "$(BUILT_PRODUCTS_DIR)/ImageFeed.app/$(BUNDLE_EXECUTABLE_FOLDER_PATH)/ImageFeed";
			};
			name = Debug;
		};
		C06D8F8C2F2F856E00C78F45 /* Release */ = {
			isa = XCBuildConfiguration;
			buildSettings = {
				BUNDLE_LOADER = "$(TEST_HOST)";
				CODE_SIGN_STYLE = Automatic;
				CURRENT_PROJECT_VERSION = 1;
				GENERATE_INFOPLIST_FILE = YES;
				IPHONEOS_DEPLOYMENT_TARGET = 18.5;
				MARKETING_VERSION = 1.0;
				PRODUCT_BUNDLE_IDENTIFIER = ru.narine1511.ImageFeedTests;
				PRODUCT_NAME = "$(TARGET_NAME)";
				SWIFT_EMIT_LOC_STRINGS = NO;
				SWIFT_VERSION = 5.0;
				TARGETED_DEVICE_FAMILY = "1,2";
				TEST_HOST = "$(BUILT_PRODUCTS_DIR)/ImageFeed.app/$(BUNDLE_EXECUTABLE_FOLDER_PATH)/ImageFeed";
			};
			name = Release;
		};
		C06D8F8E2F2F856E00C78F45 /* Debug */ = {
			isa = XCBuildConfiguration;
			buildSettings = {
				CODE_SIGN_STYLE = Automatic;
				CURRENT_PROJECT_VERSION = 1;
				GENERATE_INFOPLIST_FILE = YES;
				MARKETING_VERSION = 1.0;
				PRODUCT_BUNDLE_IDENTIFIER = ru.narine1511.ImageFeedUITests;
				PRODUCT_NAME = "$(TARGET_NAME)";
				SWIFT_EMIT_LOC_STRINGS = NO;
				SWIFT_VERSION = 5.0;
				TARGETED_DEVICE_FAMILY = "1,2";
				TEST_TARGET_NAME = ImageFeed;
			};
			name = Debug;
		};
		C06D8F8F2F2F856E00C78F45 /* Release */ = {
			isa = XCBuildConfiguration;
			buildSettings = {
				CODE_SIGN_STYLE = Automatic;
				CURRENT_PROJECT_VERSION = 1;
				GENERATE_INFOPLIST_FILE = YES;
				MARKETING_VERSION = 1.0;
				PRODUCT_BUNDLE_IDENTIFIER = ru.narine1511.ImageFeedUITests;
				PRODUCT_NAME = "$(TARGET_NAME)";
				SWIFT_EMIT_LOC_STRINGS = NO;
				SWIFT_VERSION = 5.0;
				TARGETED_DEVICE_FAMILY = "1,2";
				TEST_TARGET_NAME = ImageFeed;
			};
			name = Release;
		};
/* End XCBuildConfiguration section */

/* Begin XCConfigurationList section */
		C06D8F572F2F856D00C78F45 /* Build configuration list for PBXProject "ImageFeed" */ = {
			isa = XCConfigurationList;
			buildConfigurations = (
				C06D8F882F2F856E00C78F45 /* Debug */,
				C06D8F892F2F856E00C78F45 /* Release */,
			);
			defaultConfigurationIsVisible = 0;
			defaultConfigurationName = Release;
		};
		C06D8F852F2F856E00C78F45 /* Build configuration list for PBXNativeTarget "ImageFeed" */ = {
			isa = XCConfigurationList;
			buildConfigurations = (
				C06D8F862F2F856E00C78F45 /* Debug */,
				C06D8F872F2F856E00C78F45 /* Release */,
			);
			defaultConfigurationIsVisible = 0;
			defaultConfigurationName = Release;
		};
		C06D8F8A2F2F856E00C78F45 /* Build configuration list for PBXNativeTarget "ImageFeedTests" */ = {
			isa = XCConfigurationList;
			buildConfigurations = (
				C06D8F8B2F2F856E00C78F45 /* Debug */,
				C06D8F8C2F2F856E00C78F45 /* Release */,
			);
			defaultConfigurationIsVisible = 0;
			defaultConfigurationName = Release;
		};
		C06D8F8D2F2F856E00C78F45 /* Build configuration list for PBXNativeTarget "ImageFeedUITests" */ = {
			isa = XCConfigurationList;
			buildConfigurations = (
				C06D8F8E2F2F856E00C78F45 /* Debug */,
				C06D8F8F2F2F856E00C78F45 /* Release */,
			);
			defaultConfigurationIsVisible = 0;
			defaultConfigurationName = Release;
		};
/* End XCConfigurationList section */

/* Begin XCRemoteSwiftPackageReference section */
		C0E126A62F912FA6006DF49A /* XCRemoteSwiftPackageReference "ProgressHUD" */ = {
			isa = XCRemoteSwiftPackageReference;
			repositoryURL = "https://github.com/relatedcode/ProgressHUD";
			requirement = {
				kind = upToNextMajorVersion;
				minimumVersion = 15.0.1;
			};
		};
		C0E126B12F989458006DF49A /* XCRemoteSwiftPackageReference "Kingfisher" */ = {
			isa = XCRemoteSwiftPackageReference;
			repositoryURL = "https://github.com/onevcat/Kingfisher.git";
			requirement = {
				kind = upToNextMajorVersion;
				minimumVersion = 8.8.1;
			};
		};
		C0E126B82F9933E2006DF49A /* XCRemoteSwiftPackageReference "SwiftKeychainWrapper" */ = {
			isa = XCRemoteSwiftPackageReference;
			repositoryURL = "https://github.com/jrendel/SwiftKeychainWrapper";
			requirement = {
				kind = upToNextMajorVersion;
				minimumVersion = 4.0.1;
			};
		};
/* End XCRemoteSwiftPackageReference section */

/* Begin XCSwiftPackageProductDependency section */
		C0E126A72F912FA6006DF49A /* ProgressHUD */ = {
			isa = XCSwiftPackageProductDependency;
			package = C0E126A62F912FA6006DF49A /* XCRemoteSwiftPackageReference "ProgressHUD" */;
			productName = ProgressHUD;
		};
		C0E126B62F992648006DF49A /* Kingfisher */ = {
			isa = XCSwiftPackageProductDependency;
			package = C0E126B12F989458006DF49A /* XCRemoteSwiftPackageReference "Kingfisher" */;
			productName = Kingfisher;
		};
		C0E126B92F9933E2006DF49A /* SwiftKeychainWrapper */ = {
			isa = XCSwiftPackageProductDependency;
			package = C0E126B82F9933E2006DF49A /* XCRemoteSwiftPackageReference "SwiftKeychainWrapper" */;
			productName = SwiftKeychainWrapper;
		};
/* End XCSwiftPackageProductDependency section */
	};
	rootObject = C06D8F542F2F856D00C78F45 /* Project object */;
}
